Microsoft Visual Studio Solution File, Format Version 12.00
# Visual Studio 14
VisualStudioVersion = 14.0.25420.1
MinimumVisualStudioVersion = 10.0.40219.1
Project("{F184B08F-C81C-45F6-A57F-5ABD9991F28F}") = "WPF_Dashboard_CustomParameters", "WPF_Dashboard_CustomParameters\WPF_Dashboard_CustomParameters.vbproj", "{B07413A3-5DE2-4B8D-A3D0-467561E5251E}"
EndProject
Global
	GlobalSection(SolutionConfigurationPlatforms) = preSolution
		Debug|Any CPU = Debug|Any CPU
		Release|Any CPU = Release|Any CPU
	EndGlobalSection
	GlobalSection(ProjectConfigurationPlatforms) = postSolution
		{B07413A3-5DE2-4B8D-A3D0-467561E5251E}.Debug|Any CPU.ActiveCfg = Debug|Any CPU
		{B07413A3-5DE2-4B8D-A3D0-467561E5251E}.Debug|Any CPU.Build.0 = Debug|Any CPU
		{B07413A3-5DE2-4B8D-A3D0-467561E5251E}.Release|Any CPU.ActiveCfg = Release|Any CPU
		{B07413A3-5DE2-4B8D-A3D0-467561E5251E}.Release|Any CPU.Build.0 = Release|Any CPU
	EndGlobalSection
	GlobalSection(SolutionProperties) = preSolution
		HideSolutionNode = FALSE
	EndGlobalSection
EndGlobal
